
Microsoft Visual Studio Solution File, Format Version 12.00
# Visual Studio Version 16
VisualStudioVersion = 16.0.31205.134
MinimumVisualStudioVersion = 10.0.40219.1
Project("{9A19103F-16F7-4668-BE54-9A1E7A4F7556}") = "CaseStudy.Entities", "CaseStudy.Entities\CaseStudy.Entities.csproj", "{0784C5C9-E205-4A92-B7FD-021264BE0B74}"
EndProject
Project("{9A19103F-16F7-4668-BE54-9A1E7A4F7556}") = "CaseStudy.DataAccess", "CaseStudy.DataAccess\CaseStudy.DataAccess.csproj", "{03E6EB34-E02A-409F-A8E2-26E569855594}"
EndProject
Project("{9A19103F-16F7-4668-BE54-9A1E7A4F7556}") = "CaseStudy.Core", "CaseStudy.Core\CaseStudy.Core.csproj", "{09650C33-E9EF-4E66-BBBF-88B24633A7F1}"
EndProject
Project("{9A19103F-16F7-4668-BE54-9A1E7A4F7556}") = "CaseStudy.Business", "CaseStudy.Business\CaseStudy.Business.csproj", "{26A54BD1-BBA3-4A59-BF32-F1D03DF4DC74}"
EndProject
Project("{9A19103F-16F7-4668-BE54-9A1E7A4F7556}") = "CaseStudy.WebApi", "CaseStudy\CaseStudy.WebApi.csproj", "{E7A91061-4933-49E0-A695-65B1922C3A77}"
EndProject
Global
	GlobalSection(SolutionConfigurationPlatforms) = preSolution
		Debug|Any CPU = Debug|Any CPU
		Release|Any CPU = Release|Any CPU
	EndGlobalSection
	GlobalSection(ProjectConfigurationPlatforms) = postSolution
		{0784C5C9-E205-4A92-B7FD-021264BE0B74}.Debug|Any CPU.ActiveCfg = Debug|Any CPU
		{0784C5C9-E205-4A92-B7FD-021264BE0B74}.Debug|Any CPU.Build.0 = Debug|Any CPU
		{0784C5C9-E205-4A92-B7FD-021264BE0B74}.Release|Any CPU.ActiveCfg = Release|Any CPU
		{0784C5C9-E205-4A92-B7FD-021264BE0B74}.Release|Any CPU.Build.0 = Release|Any CPU
		{03E6EB34-E02A-409F-A8E2-26E569855594}.Debug|Any CPU.ActiveCfg = Debug|Any CPU
		{03E6EB34-E02A-409F-A8E2-26E569855594}.Debug|Any CPU.Build.0 = Debug|Any CPU
		{03E6EB34-E02A-409F-A8E2-26E569855594}.Release|Any CPU.ActiveCfg = Release|Any CPU
		{03E6EB34-E02A-409F-A8E2-26E569855594}.Release|Any CPU.Build.0 = Release|Any CPU
		{09650C33-E9EF-4E66-BBBF-88B24633A7F1}.Debug|Any CPU.ActiveCfg = Debug|Any CPU
		{09650C33-E9EF-4E66-BBBF-88B24633A7F1}.Debug|Any CPU.Build.0 = Debug|Any CPU
		{09650C33-E9EF-4E66-BBBF-88B24633A7F1}.Release|Any CPU.ActiveCfg = Release|Any CPU
		{09650C33-E9EF-4E66-BBBF-88B24633A7F1}.Release|Any CPU.Build.0 = Release|Any CPU
		{26A54BD1-BBA3-4A59-BF32-F1D03DF4DC74}.Debug|Any CPU.ActiveCfg = Debug|Any CPU
		{26A54BD1-BBA3-4A59-BF32-F1D03DF4DC74}.Debug|Any CPU.Build.0 = Debug|Any CPU
		{26A54BD1-BBA3-4A59-BF32-F1D03DF4DC74}.Release|Any CPU.ActiveCfg = Release|Any CPU
		{26A54BD1-BBA3-4A59-BF32-F1D03DF4DC74}.Release|Any CPU.Build.0 = Release|Any CPU
		{E7A91061-4933-49E0-A695-65B1922C3A77}.Debug|Any CPU.ActiveCfg = Debug|Any CPU
		{E7A91061-4933-49E0-A695-65B1922C3A77}.Debug|Any CPU.Build.0 = Debug|Any CPU
		{E7A91061-4933-49E0-A695-65B1922C3A77}.Release|Any CPU.ActiveCfg = Release|Any CPU
		{E7A91061-4933-49E0-A695-65B1922C3A77}.Release|Any CPU.Build.0 = Release|Any CPU
	EndGlobalSection
	GlobalSection(SolutionProperties) = preSolution
		HideSolutionNode = FALSE
	EndGlobalSection
	GlobalSection(ExtensibilityGlobals) = postSolution
		SolutionGuid = {ADC45953-C170-4432-8EF3-8DA80B6340B8}
	EndGlobalSection
EndGlobal
